
Microsoft Visual Studio Solution File, Format Version 12.00
# Visual Studio 15
VisualStudioVersion = 15.0.28307.757
MinimumVisualStudioVersion = 10.0.40219.1
Project("{FAE04EC0-301F-11D3-BF4B-00C04F79EFBC}") = "Module4", "Module4\Module4.csproj", "{B2E43688-3429-4109-8B9A-DA8408410802}"
EndProject
Global
	GlobalSection(SolutionConfigurationPlatforms) = preSolution
		Debug|Any CPU = Debug|Any CPU
		Release|Any CPU = Release|Any CPU
	EndGlobalSection
	GlobalSection(ProjectConfigurationPlatforms) = postSolution
		{B2E43688-3429-4109-8B9A-DA8408410802}.Debug|Any CPU.ActiveCfg = Debug|Any CPU
		{B2E43688-3429-4109-8B9A-DA8408410802}.Debug|Any CPU.Build.0 = Debug|Any CPU
		{B2E43688-3429-4109-8B9A-DA8408410802}.Release|Any CPU.ActiveCfg = Release|Any CPU
		{B2E43688-3429-4109-8B9A-DA8408410802}.Release|Any CPU.Build.0 = Release|Any CPU
	EndGlobalSection
	GlobalSection(SolutionProperties) = preSolution
		HideSolutionNode = FALSE
	EndGlobalSection
	GlobalSection(ExtensibilityGlobals) = postSolution
		SolutionGuid = {D4D7A515-3A36-46F1-87A4-660CAEFE8DDF}
	EndGlobalSection
EndGlobal
